
Microsoft Visual Studio Solution File, Format Version 12.00
# Visual Studio Version 16
VisualStudioVersion = 16.0.29926.136
MinimumVisualStudioVersion = 10.0.40219.1
Project("{FAE04EC0-301F-11D3-BF4B-00C04F79EFBC}") = "PoldyCvAPI", "PoldyCvAPI\PoldyCvAPI.csproj", "{CFAF05AB-C4F2-42BC-BD58-0707ABF9456A}"
EndProject
Project("{FAE04EC0-301F-11D3-BF4B-00C04F79EFBC}") = "Business", "Business\Business.csproj", "{59B953DD-D541-4C03-B238-9A5FE6A48468}"
EndProject
Project("{FAE04EC0-301F-11D3-BF4B-00C04F79EFBC}") = "Core", "Core\Core.csproj", "{54537C37-24D5-4568-A9B5-42126DC2CFE5}"
EndProject
Project("{FAE04EC0-301F-11D3-BF4B-00C04F79EFBC}") = "DataAccess", "DataAccess\DataAccess.csproj", "{ABE53E01-6DC6-4AD6-B582-1252C8EF5148}"
EndProject
Project("{FAE04EC0-301F-11D3-BF4B-00C04F79EFBC}") = "Entities", "Entities\Entities.csproj", "{D30A0E67-1601-4A3D-8FE6-73523411F854}"
EndProject
Global
	GlobalSection(SolutionConfigurationPlatforms) = preSolution
		Debug|Any CPU = Debug|Any CPU
		Release|Any CPU = Release|Any CPU
	EndGlobalSection
	GlobalSection(ProjectConfigurationPlatforms) = postSolution
		{CFAF05AB-C4F2-42BC-BD58-0707ABF9456A}.Debug|Any CPU.ActiveCfg = Debug|Any CPU
		{CFAF05AB-C4F2-42BC-BD58-0707ABF9456A}.Debug|Any CPU.Build.0 = Debug|Any CPU
		{CFAF05AB-C4F2-42BC-BD58-0707ABF9456A}.Release|Any CPU.ActiveCfg = Release|Any CPU
		{CFAF05AB-C4F2-42BC-BD58-0707ABF9456A}.Release|Any CPU.Build.0 = Release|Any CPU
		{59B953DD-D541-4C03-B238-9A5FE6A48468}.Debug|Any CPU.ActiveCfg = Debug|Any CPU
		{59B953DD-D541-4C03-B238-9A5FE6A48468}.Debug|Any CPU.Build.0 = Debug|Any CPU
		{59B953DD-D541-4C03-B238-9A5FE6A48468}.Release|Any CPU.ActiveCfg = Release|Any CPU
		{59B953DD-D541-4C03-B238-9A5FE6A48468}.Release|Any CPU.Build.0 = Release|Any CPU
		{54537C37-24D5-4568-A9B5-42126DC2CFE5}.Debug|Any CPU.ActiveCfg = Debug|Any CPU
		{54537C37-24D5-4568-A9B5-42126DC2CFE5}.Debug|Any CPU.Build.0 = Debug|Any CPU
		{54537C37-24D5-4568-A9B5-42126DC2CFE5}.Release|Any CPU.ActiveCfg = Release|Any CPU
		{54537C37-24D5-4568-A9B5-42126DC2CFE5}.Release|Any CPU.Build.0 = Release|Any CPU
		{ABE53E01-6DC6-4AD6-B582-1252C8EF5148}.Debug|Any CPU.ActiveCfg = Debug|Any CPU
		{ABE53E01-6DC6-4AD6-B582-1252C8EF5148}.Debug|Any CPU.Build.0 = Debug|Any CPU
		{ABE53E01-6DC6-4AD6-B582-1252C8EF5148}.Release|Any CPU.ActiveCfg = Release|Any CPU
		{ABE53E01-6DC6-4AD6-B582-1252C8EF5148}.Release|Any CPU.Build.0 = Release|Any CPU
		{D30A0E67-1601-4A3D-8FE6-73523411F854}.Debug|Any CPU.ActiveCfg = Debug|Any CPU
		{D30A0E67-1601-4A3D-8FE6-73523411F854}.Debug|Any CPU.Build.0 = Debug|Any CPU
		{D30A0E67-1601-4A3D-8FE6-73523411F854}.Release|Any CPU.ActiveCfg = Release|Any CPU
		{D30A0E67-1601-4A3D-8FE6-73523411F854}.Release|Any CPU.Build.0 = Release|Any CPU
	EndGlobalSection
	GlobalSection(SolutionProperties) = preSolution
		HideSolutionNode = FALSE
	EndGlobalSection
	GlobalSection(ExtensibilityGlobals) = postSolution
		SolutionGuid = {953F77DD-DD41-4B6A-B42E-3285033E61D5}
	EndGlobalSection
EndGlobal
